
Microsoft Visual Studio Solution File, Format Version 12.00
# Visual Studio Version 17
VisualStudioVersion = 17.10.34928.147
MinimumVisualStudioVersion = 10.0.40219.1
Project("{9A19103F-16F7-4668-BE54-9A1E7A4F7556}") = "IKGAi", "IKGAi.csproj", "{282F9354-7548-4953-A65D-8F232F8C5DC8}"
EndProject
Project("{9A19103F-16F7-4668-BE54-9A1E7A4F7556}") = "IKGAI.BLL", "..\IKGAI.BLL\IKGAI.BLL.csproj", "{AC7474E4-8D77-4718-85DD-B3982AB5E9E8}"
EndProject
Project("{9A19103F-16F7-4668-BE54-9A1E7A4F7556}") = "IKGAI.Domain", "..\IKGAI.Domain\IKGAI.Domain.csproj", "{CC9F260E-724F-4C24-8276-9906B2629310}"
EndProject
Project("{9A19103F-16F7-4668-BE54-9A1E7A4F7556}") = "IKGAI.Infrastructure", "..\IKGAI.Infrastructure\IKGAI.Infrastructure.csproj", "{E8AD7C08-8A58-4203-9CA1-A53699058D06}"
EndProject
Project("{FAE04EC0-301F-11D3-BF4B-00C04F79EFBC}") = "IKGAI.API", "..\IKGAI.API\IKGAI.API.csproj", "{B1627648-AC07-4278-B0E1-4595F9AE6B7C}"
EndProject
Global
	GlobalSection(SolutionConfigurationPlatforms) = preSolution
		Debug|Any CPU = Debug|Any CPU
		Release|Any CPU = Release|Any CPU
	EndGlobalSection
	GlobalSection(ProjectConfigurationPlatforms) = postSolution
		{282F9354-7548-4953-A65D-8F232F8C5DC8}.Debug|Any CPU.ActiveCfg = Debug|Any CPU
		{282F9354-7548-4953-A65D-8F232F8C5DC8}.Debug|Any CPU.Build.0 = Debug|Any CPU
		{282F9354-7548-4953-A65D-8F232F8C5DC8}.Release|Any CPU.ActiveCfg = Release|Any CPU
		{282F9354-7548-4953-A65D-8F232F8C5DC8}.Release|Any CPU.Build.0 = Release|Any CPU
		{AC7474E4-8D77-4718-85DD-B3982AB5E9E8}.Debug|Any CPU.ActiveCfg = Debug|Any CPU
		{AC7474E4-8D77-4718-85DD-B3982AB5E9E8}.Debug|Any CPU.Build.0 = Debug|Any CPU
		{AC7474E4-8D77-4718-85DD-B3982AB5E9E8}.Release|Any CPU.ActiveCfg = Release|Any CPU
		{AC7474E4-8D77-4718-85DD-B3982AB5E9E8}.Release|Any CPU.Build.0 = Release|Any CPU
		{CC9F260E-724F-4C24-8276-9906B2629310}.Debug|Any CPU.ActiveCfg = Debug|Any CPU
		{CC9F260E-724F-4C24-8276-9906B2629310}.Debug|Any CPU.Build.0 = Debug|Any CPU
		{CC9F260E-724F-4C24-8276-9906B2629310}.Release|Any CPU.ActiveCfg = Release|Any CPU
		{CC9F260E-724F-4C24-8276-9906B2629310}.Release|Any CPU.Build.0 = Release|Any CPU
		{E8AD7C08-8A58-4203-9CA1-A53699058D06}.Debug|Any CPU.ActiveCfg = Debug|Any CPU
		{E8AD7C08-8A58-4203-9CA1-A53699058D06}.Debug|Any CPU.Build.0 = Debug|Any CPU
		{E8AD7C08-8A58-4203-9CA1-A53699058D06}.Release|Any CPU.ActiveCfg = Release|Any CPU
		{E8AD7C08-8A58-4203-9CA1-A53699058D06}.Release|Any CPU.Build.0 = Release|Any CPU
		{B1627648-AC07-4278-B0E1-4595F9AE6B7C}.Debug|Any CPU.ActiveCfg = Debug|Any CPU
		{B1627648-AC07-4278-B0E1-4595F9AE6B7C}.Debug|Any CPU.Build.0 = Debug|Any CPU
		{B1627648-AC07-4278-B0E1-4595F9AE6B7C}.Release|Any CPU.ActiveCfg = Release|Any CPU
		{B1627648-AC07-4278-B0E1-4595F9AE6B7C}.Release|Any CPU.Build.0 = Release|Any CPU
	EndGlobalSection
	GlobalSection(SolutionProperties) = preSolution
		HideSolutionNode = FALSE
	EndGlobalSection
	GlobalSection(ExtensibilityGlobals) = postSolution
		SolutionGuid = {CAC5E71E-04D6-47D2-9B1B-B2ECB8186966}
	EndGlobalSection
EndGlobal
